[[package]]
name = "attrs"
version = "20.3.0"
description = "Classes Without Boilerplate"
category = "dev"
optional = false
python-versions = ">=2.7, !=3.0.*, !=3.1.*, !=3.2.*, !=3.3.*"

[package.extras]
dev = ["coverage[toml] (>=5.0.2)", "hypothesis", "pympler", "pytest (>=4.3.0)", "six", "zope.interface", "furo", "sphinx", "pre-commit"]
docs = ["furo", "sphinx", "zope.interface"]
tests = ["coverage[toml] (>=5.0.2)", "hypothesis", "pympler", "pytest (>=4.3.0)", "six", "zope.interface"]
tests_no_zope = ["coverage[toml] (>=5.0.2)", "hypothesis", "pympler", "pytest (>=4.3.0)", "six"]

[[package]]
name = "aws-cdk.assets"
version = "1.92.0"
description = "This module is deprecated. All types are now available under the core module"
category = "dev"
optional = false
python-versions = ">=3.6"

[package.dependencies]
"aws-cdk.core" = "1.92.0"
"aws-cdk.cx-api" = "1.92.0"
constructs = ">=3.2.0,<4.0.0"
jsii = ">=1.24.0,<2.0.0"
publication = ">=0.0.3"

[[package]]
name = "aws-cdk.aws-apigateway"
version = "1.92.0"
description = "The CDK Construct Library for AWS::ApiGateway"
category = "dev"
optional = false
python-versions = ">=3.6"

[package.dependencies]
"aws-cdk.aws-certificatemanager" = "1.92.0"
"aws-cdk.aws-cloudwatch" = "1.92.0"
"aws-cdk.aws-cognito" = "1.92.0"
"aws-cdk.aws-ec2" = "1.92.0"
"aws-cdk.aws-elasticloadbalancingv2" = "1.92.0"
"aws-cdk.aws-iam" = "1.92.0"
"aws-cdk.aws-lambda" = "1.92.0"
"aws-cdk.aws-logs" = "1.92.0"
"aws-cdk.aws-s3" = "1.92.0"
"aws-cdk.aws-s3-assets" = "1.92.0"
"aws-cdk.core" = "1.92.0"
"aws-cdk.cx-api" = "1.92.0"
constructs = ">=3.2.0,<4.0.0"
jsii = ">=1.24.0,<2.0.0"
publication = ">=0.0.3"

[[package]]
name = "aws-cdk.aws-applicationautoscaling"
version = "1.92.0"
description = "The CDK Construct Library for AWS::ApplicationAutoScaling"
category = "dev"
optional = false
python-versions = ">=3.6"

[package.dependencies]
"aws-cdk.aws-autoscaling-common" = "1.92.0"
"aws-cdk.aws-cloudwatch" = "1.92.0"
"aws-cdk.aws-iam" = "1.92.0"
"aws-cdk.core" = "1.92.0"
constructs = ">=3.2.0,<4.0.0"
jsii = ">=1.24.0,<2.0.0"
publication = ">=0.0.3"

[[package]]
name = "aws-cdk.aws-autoscaling-common"
version = "1.92.0"
description = "Common implementation package for @aws-cdk/aws-autoscaling and @aws-cdk/aws-applicationautoscaling"
category = "dev"
optional = false
python-versions = ">=3.6"

[package.dependencies]
"aws-cdk.aws-iam" = "1.92.0"
"aws-cdk.core" = "1.92.0"
constructs = ">=3.2.0,<4.0.0"
jsii = ">=1.24.0,<2.0.0"
publication = ">=0.0.3"

[[package]]
name = "aws-cdk.aws-certificatemanager"
version = "1.92.0"
description = "The CDK Construct Library for AWS::CertificateManager"
category = "dev"
optional = false
python-versions = ">=3.6"

[package.dependencies]
"aws-cdk.aws-iam" = "1.92.0"
"aws-cdk.aws-lambda" = "1.92.0"
"aws-cdk.aws-route53" = "1.92.0"
"aws-cdk.core" = "1.92.0"
constructs = ">=3.2.0,<4.0.0"
jsii = ">=1.24.0,<2.0.0"
publication = ">=0.0.3"

[[package]]
name = "aws-cdk.aws-cloudformation"
version = "1.92.0"
description = "The CDK Construct Library for AWS::CloudFormation"
category = "dev"
optional = false
python-versions = ">=3.6"

[package.dependencies]
"aws-cdk.aws-iam" = "1.92.0"
"aws-cdk.aws-lambda" = "1.92.0"
"aws-cdk.aws-s3" = "1.92.0"
"aws-cdk.aws-sns" = "1.92.0"
"aws-cdk.core" = "1.92.0"
"aws-cdk.cx-api" = "1.92.0"
constructs = ">=3.2.0,<4.0.0"
jsii = ">=1.24.0,<2.0.0"
publication = ">=0.0.3"

[[package]]
name = "aws-cdk.aws-cloudwatch"
version = "1.92.0"
description = "The CDK Construct Library for AWS::CloudWatch"
category = "dev"
optional = false
python-versions = ">=3.6"

[package.dependencies]
"aws-cdk.aws-iam" = "1.92.0"
"aws-cdk.core" = "1.92.0"
constructs = ">=3.2.0,<4.0.0"
jsii = ">=1.24.0,<2.0.0"
publication = ">=0.0.3"

[[package]]
name = "aws-cdk.aws-codeguruprofiler"
version = "1.92.0"
description = "The CDK Construct Library for AWS::CodeGuruProfiler"
category = "dev"
optional = false
python-versions = ">=3.6"

[package.dependencies]
"aws-cdk.aws-iam" = "1.92.0"
"aws-cdk.core" = "1.92.0"
constructs = ">=3.2.0,<4.0.0"
jsii = ">=1.24.0,<2.0.0"
publication = ">=0.0.3"

[[package]]
name = "aws-cdk.aws-cognito"
version = "1.92.0"
description = "The CDK Construct Library for AWS::Cognito"
category = "dev"
optional = false
python-versions = ">=3.6"

[package.dependencies]
"aws-cdk.aws-certificatemanager" = "1.92.0"
"aws-cdk.aws-iam" = "1.92.0"
"aws-cdk.aws-lambda" = "1.92.0"
"aws-cdk.core" = "1.92.0"
"aws-cdk.custom-resources" = "1.92.0"
constructs = ">=3.2.0,<4.0.0"
jsii = ">=1.24.0,<2.0.0"
publication = ">=0.0.3"

[[package]]
name = "aws-cdk.aws-dynamodb"
version = "1.92.0"
description = "The CDK Construct Library for AWS::DynamoDB"
category = "dev"
optional = false
python-versions = ">=3.6"

[package.dependencies]
"aws-cdk.aws-applicationautoscaling" = "1.92.0"
"aws-cdk.aws-cloudwatch" = "1.92.0"
"aws-cdk.aws-iam" = "1.92.0"
"aws-cdk.aws-kms" = "1.92.0"
"aws-cdk.aws-lambda" = "1.92.0"
"aws-cdk.core" = "1.92.0"
"aws-cdk.custom-resources" = "1.92.0"
constructs = ">=3.2.0,<4.0.0"
jsii = ">=1.24.0,<2.0.0"
publication = ">=0.0.3"

[[package]]
name = "aws-cdk.aws-ec2"
version = "1.92.0"
description = "The CDK Construct Library for AWS::EC2"
category = "dev"
optional = false
python-versions = ">=3.6"

[package.dependencies]
"aws-cdk.aws-cloudwatch" = "1.92.0"
"aws-cdk.aws-iam" = "1.92.0"
"aws-cdk.aws-kms" = "1.92.0"
"aws-cdk.aws-logs" = "1.92.0"
"aws-cdk.aws-s3" = "1.92.0"
"aws-cdk.aws-s3-assets" = "1.92.0"
"aws-cdk.aws-ssm" = "1.92.0"
"aws-cdk.cloud-assembly-schema" = "1.92.0"
"aws-cdk.core" = "1.92.0"
"aws-cdk.cx-api" = "1.92.0"
"aws-cdk.region-info" = "1.92.0"
constructs = ">=3.2.0,<4.0.0"
jsii = ">=1.24.0,<2.0.0"
publication = ">=0.0.3"

[[package]]
name = "aws-cdk.aws-ecr"
version = "1.92.0"
description = "The CDK Construct Library for AWS::ECR"
category = "dev"
optional = false
python-versions = ">=3.6"

[package.dependencies]
"aws-cdk.aws-events" = "1.92.0"
"aws-cdk.aws-iam" = "1.92.0"
"aws-cdk.core" = "1.92.0"
constructs = ">=3.2.0,<4.0.0"
jsii = ">=1.24.0,<2.0.0"
publication = ">=0.0.3"

[[package]]
name = "aws-cdk.aws-ecr-assets"
version = "1.92.0"
description = "Docker image assets deployed to ECR"
category = "dev"
optional = false
python-versions = ">=3.6"

[package.dependencies]
"aws-cdk.assets" = "1.92.0"
"aws-cdk.aws-ecr" = "1.92.0"
"aws-cdk.aws-iam" = "1.92.0"
"aws-cdk.aws-s3" = "1.92.0"
"aws-cdk.core" = "1.92.0"
"aws-cdk.cx-api" = "1.92.0"
constructs = ">=3.2.0,<4.0.0"
jsii = ">=1.24.0,<2.0.0"
publication = ">=0.0.3"

[[package]]
name = "aws-cdk.aws-efs"
version = "1.92.0"
description = "The CDK Construct Library for AWS::EFS"
category = "dev"
optional = false
python-versions = ">=3.6"

[package.dependencies]
"aws-cdk.aws-ec2" = "1.92.0"
"aws-cdk.aws-kms" = "1.92.0"
"aws-cdk.cloud-assembly-schema" = "1.92.0"
"aws-cdk.core" = "1.92.0"
"aws-cdk.cx-api" = "1.92.0"
constructs = ">=3.2.0,<4.0.0"
jsii = ">=1.24.0,<2.0.0"
publication = ">=0.0.3"

[[package]]
name = "aws-cdk.aws-elasticloadbalancingv2"
version = "1.92.0"
description = "The CDK Construct Library for AWS::ElasticLoadBalancingV2"
category = "dev"
optional = false
python-versions = ">=3.6"

[package.dependencies]
"aws-cdk.aws-certificatemanager" = "1.92.0"
"aws-cdk.aws-cloudwatch" = "1.92.0"
"aws-cdk.aws-ec2" = "1.92.0"
"aws-cdk.aws-iam" = "1.92.0"
"aws-cdk.aws-lambda" = "1.92.0"
"aws-cdk.aws-s3" = "1.92.0"
"aws-cdk.cloud-assembly-schema" = "1.92.0"
"aws-cdk.core" = "1.92.0"
"aws-cdk.cx-api" = "1.92.0"
"aws-cdk.region-info" = "1.92.0"
constructs = ">=3.2.0,<4.0.0"
jsii = ">=1.24.0,<2.0.0"
publication = ">=0.0.3"

[[package]]
name = "aws-cdk.aws-events"
version = "1.92.0"
description = "Amazon EventBridge Construct Library"
category = "dev"
optional = false
python-versions = ">=3.6"

[package.dependencies]
"aws-cdk.aws-iam" = "1.92.0"
"aws-cdk.core" = "1.92.0"
constructs = ">=3.2.0,<4.0.0"
jsii = ">=1.24.0,<2.0.0"
publication = ">=0.0.3"

[[package]]
name = "aws-cdk.aws-iam"
version = "1.92.0"
description = "CDK routines for easily assigning correct and minimal IAM permissions"
category = "dev"
optional = false
python-versions = ">=3.6"

[package.dependencies]
"aws-cdk.core" = "1.92.0"
"aws-cdk.region-info" = "1.92.0"
constructs = ">=3.2.0,<4.0.0"
jsii = ">=1.24.0,<2.0.0"
publication = ">=0.0.3"

[[package]]
name = "aws-cdk.aws-kinesis"
version = "1.92.0"
description = "The CDK Construct Library for AWS::Kinesis"
category = "dev"
optional = false
python-versions = ">=3.6"

[package.dependencies]
"aws-cdk.aws-iam" = "1.92.0"
"aws-cdk.aws-kms" = "1.92.0"
"aws-cdk.aws-logs" = "1.92.0"
"aws-cdk.core" = "1.92.0"
constructs = ">=3.2.0,<4.0.0"
jsii = ">=1.24.0,<2.0.0"
publication = ">=0.0.3"

[[package]]
name = "aws-cdk.aws-kms"
version = "1.92.0"
description = "The CDK Construct Library for AWS::KMS"
category = "dev"
optional = false
python-versions = ">=3.6"

[package.dependencies]
"aws-cdk.aws-iam" = "1.92.0"
"aws-cdk.core" = "1.92.0"
"aws-cdk.cx-api" = "1.92.0"
constructs = ">=3.2.0,<4.0.0"
jsii = ">=1.24.0,<2.0.0"
publication = ">=0.0.3"

[[package]]
name = "aws-cdk.aws-lambda"
version = "1.92.0"
description = "The CDK Construct Library for AWS::Lambda"
category = "dev"
optional = false
python-versions = ">=3.6"

[package.dependencies]
"aws-cdk.aws-applicationautoscaling" = "1.92.0"
"aws-cdk.aws-cloudwatch" = "1.92.0"
"aws-cdk.aws-codeguruprofiler" = "1.92.0"
"aws-cdk.aws-ec2" = "1.92.0"
"aws-cdk.aws-ecr" = "1.92.0"
"aws-cdk.aws-ecr-assets" = "1.92.0"
"aws-cdk.aws-efs" = "1.92.0"
"aws-cdk.aws-events" = "1.92.0"
"aws-cdk.aws-iam" = "1.92.0"
"aws-cdk.aws-kms" = "1.92.0"
"aws-cdk.aws-logs" = "1.92.0"
"aws-cdk.aws-s3" = "1.92.0"
"aws-cdk.aws-s3-assets" = "1.92.0"
"aws-cdk.aws-signer" = "1.92.0"
"aws-cdk.aws-sqs" = "1.92.0"
"aws-cdk.core" = "1.92.0"
"aws-cdk.cx-api" = "1.92.0"
constructs = ">=3.2.0,<4.0.0"
jsii = ">=1.24.0,<2.0.0"
publication = ">=0.0.3"

[[package]]
name = "aws-cdk.aws-logs"
version = "1.92.0"
description = "The CDK Construct Library for AWS::Logs"
category = "dev"
optional = false
python-versions = ">=3.6"

[package.dependencies]
"aws-cdk.aws-cloudwatch" = "1.92.0"
"aws-cdk.aws-iam" = "1.92.0"
"aws-cdk.aws-kms" = "1.92.0"
"aws-cdk.aws-s3-assets" = "1.92.0"
"aws-cdk.core" = "1.92.0"
constructs = ">=3.2.0,<4.0.0"
jsii = ">=1.24.0,<2.0.0"
publication = ">=0.0.3"

[[package]]
name = "aws-cdk.aws-logs-destinations"
version = "1.92.0"
description = "Log Destinations for AWS CloudWatch Logs"
category = "dev"
optional = false
python-versions = ">=3.6"

[package.dependencies]
"aws-cdk.aws-iam" = "1.92.0"
"aws-cdk.aws-kinesis" = "1.92.0"
"aws-cdk.aws-lambda" = "1.92.0"
"aws-cdk.aws-logs" = "1.92.0"
"aws-cdk.core" = "1.92.0"
constructs = ">=3.2.0,<4.0.0"
jsii = ">=1.24.0,<2.0.0"
publication = ">=0.0.3"

[[package]]
name = "aws-cdk.aws-route53"
version = "1.92.0"
description = "The CDK Construct Library for AWS::Route53"
category = "dev"
optional = false
python-versions = ">=3.6"

[package.dependencies]
"aws-cdk.aws-ec2" = "1.92.0"
"aws-cdk.aws-iam" = "1.92.0"
"aws-cdk.aws-logs" = "1.92.0"
"aws-cdk.cloud-assembly-schema" = "1.92.0"
"aws-cdk.core" = "1.92.0"
"aws-cdk.custom-resources" = "1.92.0"
constructs = ">=3.2.0,<4.0.0"
jsii = ">=1.24.0,<2.0.0"
publication = ">=0.0.3"

[[package]]
name = "aws-cdk.aws-s3"
version = "1.92.0"
description = "The CDK Construct Library for AWS::S3"
category = "dev"
optional = false
python-versions = ">=3.6"

[package.dependencies]
"aws-cdk.aws-events" = "1.92.0"
"aws-cdk.aws-iam" = "1.92.0"
"aws-cdk.aws-kms" = "1.92.0"
"aws-cdk.core" = "1.92.0"
"aws-cdk.cx-api" = "1.92.0"
constructs = ">=3.2.0,<4.0.0"
jsii = ">=1.24.0,<2.0.0"
publication = ">=0.0.3"

[[package]]
name = "aws-cdk.aws-s3-assets"
version = "1.92.0"
description = "Deploy local files and directories to S3"
category = "dev"
optional = false
python-versions = ">=3.6"

[package.dependencies]
"aws-cdk.assets" = "1.92.0"
"aws-cdk.aws-iam" = "1.92.0"
"aws-cdk.aws-kms" = "1.92.0"
"aws-cdk.aws-s3" = "1.92.0"
"aws-cdk.core" = "1.92.0"
"aws-cdk.cx-api" = "1.92.0"
constructs = ">=3.2.0,<4.0.0"
jsii = ">=1.24.0,<2.0.0"
publication = ">=0.0.3"

[[package]]
name = "aws-cdk.aws-signer"
version = "1.92.0"
description = "The CDK Construct Library for AWS::Signer"
category = "dev"
optional = false
python-versions = ">=3.6"

[package.dependencies]
"aws-cdk.core" = "1.92.0"
constructs = ">=3.2.0,<4.0.0"
jsii = ">=1.24.0,<2.0.0"
publication = ">=0.0.3"

[[package]]
name = "aws-cdk.aws-sns"
version = "1.92.0"
description = "The CDK Construct Library for AWS::SNS"
category = "dev"
optional = false
python-versions = ">=3.6"

[package.dependencies]
"aws-cdk.aws-cloudwatch" = "1.92.0"
"aws-cdk.aws-events" = "1.92.0"
"aws-cdk.aws-iam" = "1.92.0"
"aws-cdk.aws-kms" = "1.92.0"
"aws-cdk.aws-sqs" = "1.92.0"
"aws-cdk.core" = "1.92.0"
constructs = ">=3.2.0,<4.0.0"
jsii = ">=1.24.0,<2.0.0"
publication = ">=0.0.3"

[[package]]
name = "aws-cdk.aws-sqs"
version = "1.92.0"
description = "The CDK Construct Library for AWS::SQS"
category = "dev"
optional = false
python-versions = ">=3.6"

[package.dependencies]
"aws-cdk.aws-cloudwatch" = "1.92.0"
"aws-cdk.aws-iam" = "1.92.0"
"aws-cdk.aws-kms" = "1.92.0"
"aws-cdk.core" = "1.92.0"
constructs = ">=3.2.0,<4.0.0"
jsii = ">=1.24.0,<2.0.0"
publication = ">=0.0.3"

[[package]]
name = "aws-cdk.aws-ssm"
version = "1.92.0"
description = "The CDK Construct Library for AWS::SSM"
category = "dev"
optional = false
python-versions = ">=3.6"

[package.dependencies]
"aws-cdk.aws-iam" = "1.92.0"
"aws-cdk.aws-kms" = "1.92.0"
"aws-cdk.cloud-assembly-schema" = "1.92.0"
"aws-cdk.core" = "1.92.0"
constructs = ">=3.2.0,<4.0.0"
jsii = ">=1.24.0,<2.0.0"
publication = ">=0.0.3"

[[package]]
name = "aws-cdk.cloud-assembly-schema"
version = "1.92.0"
description = "Cloud Assembly Schema"
category = "dev"
optional = false
python-versions = ">=3.6"

[package.dependencies]
jsii = ">=1.24.0,<2.0.0"
publication = ">=0.0.3"

[[package]]
name = "aws-cdk.core"
version = "1.92.0"
description = "AWS Cloud Development Kit Core Library"
category = "dev"
optional = false
python-versions = ">=3.6"

[package.dependencies]
"aws-cdk.cloud-assembly-schema" = "1.92.0"
"aws-cdk.cx-api" = "1.92.0"
"aws-cdk.region-info" = "1.92.0"
constructs = ">=3.2.0,<4.0.0"
jsii = ">=1.24.0,<2.0.0"
publication = ">=0.0.3"

[[package]]
name = "aws-cdk.custom-resources"
version = "1.92.0"
description = "Constructs for implementing CDK custom resources"
category = "dev"
optional = false
python-versions = ">=3.6"

[package.dependencies]
"aws-cdk.aws-cloudformation" = "1.92.0"
"aws-cdk.aws-ec2" = "1.92.0"
"aws-cdk.aws-iam" = "1.92.0"
"aws-cdk.aws-lambda" = "1.92.0"
"aws-cdk.aws-logs" = "1.92.0"
"aws-cdk.aws-sns" = "1.92.0"
"aws-cdk.core" = "1.92.0"
constructs = ">=3.2.0,<4.0.0"
jsii = ">=1.24.0,<2.0.0"
publication = ">=0.0.3"

[[package]]
name = "aws-cdk.cx-api"
version = "1.92.0"
description = "Cloud executable protocol"
category = "dev"
optional = false
python-versions = ">=3.6"

[package.dependencies]
"aws-cdk.cloud-assembly-schema" = "1.92.0"
jsii = ">=1.24.0,<2.0.0"
publication = ">=0.0.3"

[[package]]
name = "aws-cdk.region-info"
version = "1.92.0"
description = "AWS region information, such as service principal names"
category = "dev"
optional = false
python-versions = ">=3.6"

[package.dependencies]
jsii = ">=1.24.0,<2.0.0"
publication = ">=0.0.3"

[[package]]
name = "cattrs"
version = "1.3.0"
description = "Composable complex class support for attrs."
category = "dev"
optional = false
python-versions = "~=3.7"

[package.dependencies]
attrs = ">=20.1.0"

[package.extras]
dev = ["bumpversion", "wheel", "watchdog", "flake8", "tox", "coverage", "sphinx", "pytest", "pytest-benchmark", "hypothesis", "pendulum", "isort", "black"]

[[package]]
name = "constructs"
version = "3.3.59"
description = "A programming model for composable configuration"
category = "dev"
optional = false
python-versions = ">=3.6"

[package.dependencies]
jsii = ">=1.24.0,<2.0.0"
publication = ">=0.0.3"

[[package]]
name = "jsii"
version = "1.24.0"
description = "Python client for jsii runtime"
category = "dev"
optional = false
python-versions = "~=3.6"

[package.dependencies]
attrs = ">=20.1,<21.0"
cattrs = {version = ">=1.3.0,<1.4.0", markers = "python_version >= \"3.7\""}
python-dateutil = "*"
typing-extensions = ">=3.7,<4.0"

[[package]]
name = "publication"
version = "0.0.3"
description = "Publication helps you maintain public-api-friendly modules by preventing unintentional access to private implementation details via introspection."
category = "dev"
optional = false
python-versions = "*"

[[package]]
name = "python-dateutil"
version = "2.8.1"
description = "Extensions to the standard Python datetime module"
category = "dev"
optional = false
python-versions = "!=3.0.*,!=3.1.*,!=3.2.*,>=2.7"

[package.dependencies]
six = ">=1.5"

[[package]]
name = "six"
version = "1.15.0"
description = "Python 2 and 3 compatibility utilities"
category = "dev"
optional = false
python-versions = ">=2.7, !=3.0.*, !=3.1.*, !=3.2.*"

[[package]]
name = "typing-extensions"
version = "3.7.4.3"
description = "Backported and Experimental Type Hints for Python 3.5+"
category = "dev"
optional = false
python-versions = "*"

[metadata]
lock-version = "1.1"
python-versions = "^3.8"
content-hash = "75fde036281facf1b669012d3b9f51a9ee279985d21b93fab4a9da3d7cc47b19"

[metadata.files]
attrs = [
    {file = "attrs-20.3.0-py2.py3-none-any.whl", hash = "sha256:31b2eced602aa8423c2aea9c76a724617ed67cf9513173fd3a4f03e3a929c7e6"},
    {file = "attrs-20.3.0.tar.gz", hash = "sha256:832aa3cde19744e49938b91fea06d69ecb9e649c93ba974535d08ad92164f700"},
]
"aws-cdk.assets" = [
    {file = "aws-cdk.assets-1.92.0.tar.gz", hash = "sha256:a1972b2214a66e212f3b7d1d475b5ca6ba7d92e63b932f274de168dce0bcf91f"},
    {file = "aws_cdk.assets-1.92.0-py3-none-any.whl", hash = "sha256:1d442ae6eb2f5b3e911f49628b5c95c5666047895c76fc0bb197ebb56be1cc98"},
]
"aws-cdk.aws-apigateway" = [
    {file = "aws-cdk.aws-apigateway-1.92.0.tar.gz", hash = "sha256:f418158aeef4067ef86f6cd116ac28c09641f09d673ed77ff8bfc81460b9fcba"},
    {file = "aws_cdk.aws_apigateway-1.92.0-py3-none-any.whl", hash = "sha256:6c5694ae98dc0bf6a4d5cdda0548ca200105260a180b7000be3b22f52ff6575e"},
]
"aws-cdk.aws-applicationautoscaling" = [
    {file = "aws-cdk.aws-applicationautoscaling-1.92.0.tar.gz", hash = "sha256:b19c0ff3b5a512fcf61d4b4418a2147c1ea3ecfef7dc97934e8d66a5db2dbeee"},
    {file = "aws_cdk.aws_applicationautoscaling-1.92.0-py3-none-any.whl", hash = "sha256:eabd93dae466ff6991f1e824a83efa3cfdc22da6abf67f6f263ccd55aa5e24a8"},
]
"aws-cdk.aws-autoscaling-common" = [
    {file = "aws-cdk.aws-autoscaling-common-1.92.0.tar.gz", hash = "sha256:82a99e55059b45b9d65eb813ffd2c28a87b9f2a8292d60cff6c1a51af8506a79"},
    {file = "aws_cdk.aws_autoscaling_common-1.92.0-py3-none-any.whl", hash = "sha256:b62266c3351d18590daf2fd9b15e02dda85d751c967e25098d7b1b28808907a8"},
]
"aws-cdk.aws-certificatemanager" = [
    {file = "aws-cdk.aws-certificatemanager-1.92.0.tar.gz", hash = "sha256:d0105ede7bed8fec409b56560664588c38a589194360dfb0ec0672d5ba000dec"},
    {file = "aws_cdk.aws_certificatemanager-1.92.0-py3-none-any.whl", hash = "sha256:d8bb84811138026b067da550a65c5e5e0ee23cb5465ad20fd90d25eaccb441f1"},
]
"aws-cdk.aws-cloudformation" = [
    {file = "aws-cdk.aws-cloudformation-1.92.0.tar.gz", hash = "sha256:ac183330514d11a47a132648e06d1b452a16c73955c86f79b821a16fba473264"},
    {file = "aws_cdk.aws_cloudformation-1.92.0-py3-none-any.whl", hash = "sha256:d13956c6c7693ac388645393833c29f45edb731d67be9e4c43a3daacf1e90936"},
]
"aws-cdk.aws-cloudwatch" = [
    {file = "aws-cdk.aws-cloudwatch-1.92.0.tar.gz", hash = "sha256:f37fa8a1d5ca219b89c04d68446a60d048c8819ecd335a64d1f5cb05157d20af"},
    {file = "aws_cdk.aws_cloudwatch-1.92.0-py3-none-any.whl", hash = "sha256:8ebe792ad7e63d9bda78a4a81cda3408f0cb2c85c2e3a9c4bbabb710919880f9"},
]
"aws-cdk.aws-codeguruprofiler" = [
    {file = "aws-cdk.aws-codeguruprofiler-1.92.0.tar.gz", hash = "sha256:7990800cb9af25c8682d962b6b45493163e4e2932d822e9c2eb86a57148d18b2"},
    {file = "aws_cdk.aws_codeguruprofiler-1.92.0-py3-none-any.whl", hash = "sha256:262d02142d09c6cdd7a599c5706562ea7a52a609099b7de096e319aadead5df4"},
]
"aws-cdk.aws-cognito" = [
    {file = "aws-cdk.aws-cognito-1.92.0.tar.gz", hash = "sha256:5d2bcc5aecea1ad46d01594fe17f8b6631f7b1ae62ba60540707a7b269647045"},
    {file = "aws_cdk.aws_cognito-1.92.0-py3-none-any.whl", hash = "sha256:4672a1d70c74913bf31112326815f8854c90f11342dd152b8769cf651303a553"},
]
"aws-cdk.aws-dynamodb" = [
    {file = "aws-cdk.aws-dynamodb-1.92.0.tar.gz", hash = "sha256:b442acef4d2fee2a118fa8f2f6013e999e40f0edf8ae70eccc74f21406195e8a"},
    {file = "aws_cdk.aws_dynamodb-1.92.0-py3-none-any.whl", hash = "sha256:0bb66a668d92a212187dc5f63b3c46e68e5bfa676e5ac7c95ee97264de4b865d"},
]
"aws-cdk.aws-ec2" = [
    {file = "aws-cdk.aws-ec2-1.92.0.tar.gz", hash = "sha256:ecebc2f02d9eea42115f575b76c013b5e0f6f65ed97f4617f2ede38705dcf098"},
    {file = "aws_cdk.aws_ec2-1.92.0-py3-none-any.whl", hash = "sha256:f5918183c69430a774ca2b766ca022530f53c72d33c1da71f78f072dc92347d6"},
]
"aws-cdk.aws-ecr" = [
    {file = "aws-cdk.aws-ecr-1.92.0.tar.gz", hash = "sha256:f93e9dbc83df153e50c0ff260b3638db308e1edd9d0ce4fea9216346b968fa5e"},
    {file = "aws_cdk.aws_ecr-1.92.0-py3-none-any.whl", hash = "sha256:3a9bc6f8ede69e409827298e3f560b8b39f56ae918a059d17528ff7065798841"},
]
"aws-cdk.aws-ecr-assets" = [
    {file = "aws-cdk.aws-ecr-assets-1.92.0.tar.gz", hash = "sha256:d24f07b96167d2be077f8b8b3d401877a28ab0f8aa5759b797518d3d17a55554"},
    {file = "aws_cdk.aws_ecr_assets-1.92.0-py3-none-any.whl", hash = "sha256:b357264ae29b0aaf344e6e1411e181ad709ababda48347883a7fdb9ccafa2504"},
]
"aws-cdk.aws-efs" = [
    {file = "aws-cdk.aws-efs-1.92.0.tar.gz", hash = "sha256:f9c49d8d9686b2f62860efd20a03046cd81bd10fd5f4806bf7ed2a7e0e0c88f9"},
    {file = "aws_cdk.aws_efs-1.92.0-py3-none-any.whl", hash = "sha256:51bf63c1f8d5d15c1b159db80b406ca4ba4b62358b3d86c560d09bc520972e78"},
]
"aws-cdk.aws-elasticloadbalancingv2" = [
    {file = "aws-cdk.aws-elasticloadbalancingv2-1.92.0.tar.gz", hash = "sha256:ffd6ec8d1dda792eb8b3d874f46c72e313edccdcd4e9cf9792b987da8ead7efb"},
    {file = "aws_cdk.aws_elasticloadbalancingv2-1.92.0-py3-none-any.whl", hash = "sha256:e24320aefea829e1e2a029f70ad8a3bae036c497b36f912112f544fb884bc8f0"},
]
"aws-cdk.aws-events" = [
    {file = "aws-cdk.aws-events-1.92.0.tar.gz", hash = "sha256:b81259cffe35e62dddbf36bec8c1b487acbdd9ec80b1f7fa747ef8f2ec9a5224"},
    {file = "aws_cdk.aws_events-1.92.0-py3-none-any.whl", hash = "sha256:51e1db0ffabda344fe8eb0e9f1e54f3d74ffa6a62a5e2642204999544e95a6b6"},
]
"aws-cdk.aws-iam" = [
    {file = "aws-cdk.aws-iam-1.92.0.tar.gz", hash = "sha256:7b8dde4fc64f75836ce19f684609e30f5344f04fdd15a4e6587879264cb87b44"},
    {file = "aws_cdk.aws_iam-1.92.0-py3-none-any.whl", hash = "sha256:4ea60234f25623dc9c34ffc2e19b9d122b5b9a01a1c1aa2342457eee392d2a10"},
]
"aws-cdk.aws-kinesis" = [
    {file = "aws-cdk.aws-kinesis-1.92.0.tar.gz", hash = "sha256:87f39c37559513b87b764a7677359390ab00cc08a9053b3afb9fc32df33b20fd"},
    {file = "aws_cdk.aws_kinesis-1.92.0-py3-none-any.whl", hash = "sha256:3813125d3d8c87109aaac5a2f34cba03bb84f0a40917fcd37c7ad9c0e5eaa579"},
]
"aws-cdk.aws-kms" = [
    {file = "aws-cdk.aws-kms-1.92.0.tar.gz", hash = "sha256:0747675ebfaa721adfa7303da51865b3327ed76a9d40cb3b6129ac8ea78e92fd"},
    {file = "aws_cdk.aws_kms-1.92.0-py3-none-any.whl", hash = "sha256:896f7287e1d673c4707e7ec0cde3090431c71c8f15cf3ab7a441cfa58e8f920b"},
]
"aws-cdk.aws-lambda" = [
    {file = "aws-cdk.aws-lambda-1.92.0.tar.gz", hash = "sha256:99d5320b1a5eaee67bd6b7ff213d5d57fc5a845e08ee1ce46fc994a19fb61b2e"},
    {file = "aws_cdk.aws_lambda-1.92.0-py3-none-any.whl", hash = "sha256:405aed6a3f8079b778580243c9e3003bfd605875d03f6ebc61f3555a421ff5ae"},
]
"aws-cdk.aws-logs" = [
    {file = "aws-cdk.aws-logs-1.92.0.tar.gz", hash = "sha256:e381c1fa396ad70f269d46958e628d02fd43841328ae3e6a157151662dcbe1cc"},
    {file = "aws_cdk.aws_logs-1.92.0-py3-none-any.whl", hash = "sha256:c807855ab35df7a8c9e0cce8ea88885ac187d06c7937f17ab2ebc2c8c6d76273"},
]
"aws-cdk.aws-logs-destinations" = [
    {file = "aws-cdk.aws-logs-destinations-1.92.0.tar.gz", hash = "sha256:79f5b01401c0fee74b316426d301384e98c4c57e2e8948a18174cdf9633a24b9"},
    {file = "aws_cdk.aws_logs_destinations-1.92.0-py3-none-any.whl", hash = "sha256:119178c4d08db1b22a9cca4245bdc4b3930fa595170af6c8da10b0476db1a3fc"},
]
"aws-cdk.aws-route53" = [
    {file = "aws-cdk.aws-route53-1.92.0.tar.gz", hash = "sha256:cd2b123e35bce85c66b20be66a145f0f30ab5655f8b9eb6583b28a98ff71333f"},
    {file = "aws_cdk.aws_route53-1.92.0-py3-none-any.whl", hash = "sha256:3b399327be43829618d79e2d1d1492ad3b8abc6c5e285ad011e0aaa28c5564ef"},
]
"aws-cdk.aws-s3" = [
    {file = "aws-cdk.aws-s3-1.92.0.tar.gz", hash = "sha256:a94e136a012ab8501403f2a5ac5b072caff659fde2257391f592014b4d960d14"},
    {file = "aws_cdk.aws_s3-1.92.0-py3-none-any.whl", hash = "sha256:f4aae2e95b9d8e8e6a8856ae06f510f1a352098495b9c2cc8bf852686aa5e178"},
]
"aws-cdk.aws-s3-assets" = [
    {file = "aws-cdk.aws-s3-assets-1.92.0.tar.gz", hash = "sha256:efae2793f4276980ae85d9c61e150990d6c6c78ae4aa56b6cb533da699714370"},
    {file = "aws_cdk.aws_s3_assets-1.92.0-py3-none-any.whl", hash = "sha256:3684517c674ce92d0ed26a0436913f62c0efb2134f08bec043e7c65535647a2b"},
]
"aws-cdk.aws-signer" = [
    {file = "aws-cdk.aws-signer-1.92.0.tar.gz", hash = "sha256:de5380e7387667c31cb3e83a1cf9cab31414801813f0a21f59750db51300258c"},
    {file = "aws_cdk.aws_signer-1.92.0-py3-none-any.whl", hash = "sha256:e85268e4381c1e9885299a26e8b779346c32df066e8402b21d28a18e2aeefb14"},
]
"aws-cdk.aws-sns" = [
    {file = "aws-cdk.aws-sns-1.92.0.tar.gz", hash = "sha256:4b594fc3cb3caca19a78ecd8e66553ba04a1e91806acdfadd593242e3927f6d8"},
    {file = "aws_cdk.aws_sns-1.92.0-py3-none-any.whl", hash = "sha256:1918ddf14e196064eb96f56a22ec14e666703a8f240a19c69380c2b27dc4d0e4"},
]
"aws-cdk.aws-sqs" = [
    {file = "aws-cdk.aws-sqs-1.92.0.tar.gz", hash = "sha256:a5b0318d9ee2fe77694bdf71111fd6e48eccefac7ee9efb40af4ca7510e2d8d8"},
    {file = "aws_cdk.aws_sqs-1.92.0-py3-none-any.whl", hash = "sha256:303ad69311b7c043447ab611bc2e3b09b6df90127f4d69711ac4bbf56e107eb5"},
]
"aws-cdk.aws-ssm" = [
    {file = "aws-cdk.aws-ssm-1.92.0.tar.gz", hash = "sha256:9760a1e65cf152cc7da41b83a96d5ac669942a6883646e1d86766150664ae04a"},
    {file = "aws_cdk.aws_ssm-1.92.0-py3-none-any.whl", hash = "sha256:4234f184ce462c0e472c9a99b43d922458ae49a11890e8d8e8906fb92fedcf9d"},
]
"aws-cdk.cloud-assembly-schema" = [
    {file = "aws-cdk.cloud-assembly-schema-1.92.0.tar.gz", hash = "sha256:3f06bff0f23ce0707df1accac8863dde43685f39f3d5c3b1cd7ad178c23428ad"},
    {file = "aws_cdk.cloud_assembly_schema-1.92.0-py3-none-any.whl", hash = "sha256:a6ae23912eccdc4c6fa194903b98985733c1d38084667ae4c444a008c1e80e24"},
]
"aws-cdk.core" = [
    {file = "aws-cdk.core-1.92.0.tar.gz", hash = "sha256:c03b75cf9295dd260d4b70da989cc3eca98fa2b781e063e8d64ed9543c3b95df"},
    {file = "aws_cdk.core-1.92.0-py3-none-any.whl", hash = "sha256:1e9babba967acda2ddd851d8f36259d029922f754323d73e465cb9a7f611bd36"},
]
"aws-cdk.custom-resources" = [
    {file = "aws-cdk.custom-resources-1.92.0.tar.gz", hash = "sha256:65b6669064ce7e0319aeb75f0f740bdc782da77fe34e140c1fe06c32e30c8f04"},
    {file = "aws_cdk.custom_resources-1.92.0-py3-none-any.whl", hash = "sha256:fc36a0ac8025fa59c6feb1670d07c345ec9cae0f58ad12c06c2ab79ca98688c9"},
]
"aws-cdk.cx-api" = [
    {file = "aws-cdk.cx-api-1.92.0.tar.gz", hash = "sha256:2517305328254716f3f25351900ceedabd9fd67a2a64cab81eab70986dff184d"},
    {file = "aws_cdk.cx_api-1.92.0-py3-none-any.whl", hash = "sha256:46df189db1a4306fd0a0ec08cc65585838712a63db07ef0efe6ed44a4699a1e0"},
]
"aws-cdk.region-info" = [
    {file = "aws-cdk.region-info-1.92.0.tar.gz", hash = "sha256:2e094a958a04fa76bf7b3c59ce4299a1301945d46210a9a20de07c93ee44e786"},
    {file = "aws_cdk.region_info-1.92.0-py3-none-any.whl", hash = "sha256:955de3a7efdecf5112a8bd21c43f322da85c136a75f29b4a761c06af0a30445f"},
]
cattrs = [
    {file = "cattrs-1.3.0-py3-none-any.whl", hash = "sha256:f92ca39ccb7373289f9cccf71b86849a29a2d75370bc983e7bf579ce95bfccd8"},
    {file = "cattrs-1.3.0.tar.gz", hash = "sha256:12688f56fbb7f54cf647d031669840e1ab0b9a198bf374a217fcb5be821855df"},
]
constructs = [
    {file = "constructs-3.3.59-py3-none-any.whl", hash = "sha256:63b839e17857245bad71dc777b4c7e94d212255883f927aafe83cc33c5756b9b"},
    {file = "constructs-3.3.59.tar.gz", hash = "sha256:0baef02936753140f049a74a009dc3d4914b697bf44ce16d266178a4869b2438"},
]
jsii = [
    {file = "jsii-1.24.0-py3-none-any.whl", hash = "sha256:fe127b4f9ae336efb0fa4212c36fa7cf5e11cf952c4faff7868197c8364b4870"},
    {file = "jsii-1.24.0.tar.gz", hash = "sha256:dcb46fd389e7f102413a6a5ddab3d541ee6afce9529a544dff468db28dd81bcc"},
]
publication = [
    {file = "publication-0.0.3-py2.py3-none-any.whl", hash = "sha256:0248885351febc11d8a1098d5c8e3ab2dabcf3e8c0c96db1e17ecd12b53afbe6"},
    {file = "publication-0.0.3.tar.gz", hash = "sha256:68416a0de76dddcdd2930d1c8ef853a743cc96c82416c4e4d3b5d901c6276dc4"},
]
python-dateutil = [
    {file = "python-dateutil-2.8.1.tar.gz", hash = "sha256:73ebfe9dbf22e832286dafa60473e4cd239f8592f699aa5adaf10050e6e1823c"},
    {file = "python_dateutil-2.8.1-py2.py3-none-any.whl", hash = "sha256:75bb3f31ea686f1197762692a9ee6a7550b59fc6ca3a1f4b5d7e32fb98e2da2a"},
]
six = [
    {file = "six-1.15.0-py2.py3-none-any.whl", hash = "sha256:8b74bedcbbbaca38ff6d7491d76f2b06b3592611af620f8426e82dddb04a5ced"},
    {file = "six-1.15.0.tar.gz", hash = "sha256:30639c035cdb23534cd4aa2dd52c3bf48f06e5f4a941509c8bafd8ce11080259"},
]
typing-extensions = [
    {file = "typing_extensions-3.7.4.3-py2-none-any.whl", hash = "sha256:dafc7639cde7f1b6e1acc0f457842a83e722ccca8eef5270af2d74792619a89f"},
    {file = "typing_extensions-3.7.4.3-py3-none-any.whl", hash = "sha256:7cb407020f00f7bfc3cb3e7881628838e69d8f3fcab2f64742a5e76b2f841918"},
    {file = "typing_extensions-3.7.4.3.tar.gz", hash = "sha256:99d4073b617d30288f569d3f13d2bd7548c3a7e4c8de87db09a9d29bb3a4a60c"},
]
